{
  "requires": true,
  "lockfileVersion": 1,
  "dependencies": {
    "matter-js": {
      "version": "0.16.1",
      "resolved": "https://registry.npmjs.org/matter-js/-/matter-js-0.16.1.tgz",
      "integrity": "sha512-P3nvyqTa7xxNOYbTtFVQFj9z9nf4Lyo9uHvncEXEUnyxYl4ntSjlnU73/ejFH6IUxpekDR9wqpnA1WvRdQ9B6A=="
    },
    "p5": {
      "version": "1.2.0",
      "resolved": "https://registry.npmjs.org/p5/-/p5-1.2.0.tgz",
      "integrity": "sha512-om9CSZXjw+BdC/u474nUtrVXAqeSRHNBDteDpIhQqgypziE+hh9BUc/YNl3RT5rX3kNtQlLes2S2sRqFU+S+JA=="
    }
  }
}
