{
  "requires": true,
  "lockfileVersion": 1,
  "dependencies": {
    "matter-js": {
      "version": "0.16.1",
      "resolved": "https://registry.npmjs.org/matter-js/-/matter-js-0.16.1.tgz",
      "integrity": "sha512-P3nvyqTa7xxNOYbTtFVQFj9z9nf4Lyo9uHvncEXEUnyxYl4ntSjlnU73/ejFH6IUxpekDR9wqpnA1WvRdQ9B6A=="
    }
  }
}
